<?xml version="1.0" encoding="utf-8"?>
<Project ToolsVersion="4.0" xmlns="http://schemas.microsoft.com/developer/msbuild/2003">
  <ItemGroup>
    <ClCompile Include="xenif.cpp">
      <Filter>Source Files</Filter>
    </ClCompile>
    <ClCompile Include="UsbResponse.cpp">
      <Filter>Source Files</Filter>
    </ClCompile>
    <ClCompile Include="UsbRequest.cpp">
      <Filter>Source Files</Filter>
    </ClCompile>
    <ClCompile Include="UsbInterface.cpp">
      <Filter>Source Files</Filter>
    </ClCompile>
    <ClCompile Include="UsbConfig.cpp">
      <Filter>Source Files</Filter>
    </ClCompile>
    <ClCompile Include="RootHubPdo.cpp">
      <Filter>Source Files</Filter>
    </ClCompile>
    <ClCompile Include="Queue.cpp">
      <Filter>Source Files</Filter>
    </ClCompile>
    <ClCompile Include="Driver.cpp">
      <Filter>Source Files</Filter>
    </ClCompile>
    <ClCompile Include="Device.cpp">
      <Filter>Source Files</Filter>
    </ClCompile>
    <ClCompile Include="Trace.cpp">
      <Filter>Source Files</Filter>
    </ClCompile>
    <ClCompile Include="xenlower.cpp">
      <Filter>Source Files</Filter>
    </ClCompile>
  </ItemGroup>
  <ItemGroup>
    <ClInclude Include="Device.h">
      <Filter>Header Files</Filter>
    </ClInclude>
    <ClInclude Include="Driver.h">
      <Filter>Header Files</Filter>
    </ClInclude>
    <ClInclude Include="Queue.h">
      <Filter>Header Files</Filter>
    </ClInclude>
    <ClInclude Include="Trace.h">
      <Filter>Header Files</Filter>
    </ClInclude>
    <ClInclude Include="UsbRequest.h">
      <Filter>Header Files</Filter>
    </ClInclude>
    <ClInclude Include="resource.h">
      <Filter>Header Files</Filter>
    </ClInclude>
    <ClInclude Include="UsbUserKm.h">
      <Filter>Header Files</Filter>
    </ClInclude>
    <ClInclude Include="UsbResponse.h">
      <Filter>Header Files</Filter>
    </ClInclude>
    <ClInclude Include="UsbConfig.h">
      <Filter>Header Files</Filter>
    </ClInclude>
    <ClInclude Include="xenif.h">
      <Filter>Header Files</Filter>
    </ClInclude>
    <ClInclude Include="xenusb.h">
      <Filter>Header Files</Filter>
    </ClInclude>
    <ClInclude Include="RootHubPdo.h">
      <Filter>Header Files</Filter>
    </ClInclude>
    <ClInclude Include="xenlower.h">
      <Filter>Header Files</Filter>
    </ClInclude>
  </ItemGroup>
  <ItemGroup>
    <None Include="ClassDiagram.cd" />
    <None Include="Doxyfile" />
    <None Include="ReadMe.txt" />
    <None Include="xenvusb.inf" />
  </ItemGroup>
  <ItemGroup>
    <Filter Include="Header Files">
      <UniqueIdentifier>{a0a92c95-afc4-49cf-987b-5dae037bce5f}</UniqueIdentifier>
    </Filter>
    <Filter Include="Resource Files">
      <UniqueIdentifier>{06cfa207-3ec4-4e91-82d2-18220aa3e6bd}</UniqueIdentifier>
    </Filter>
    <Filter Include="Source Files">
      <UniqueIdentifier>{1ca4f6a2-82ea-4388-8860-29db8b84d0bf}</UniqueIdentifier>
    </Filter>
  </ItemGroup>
  <ItemGroup>
    <ResourceCompile Include="xenvusb.rc">
      <Filter>Resource Files</Filter>
    </ResourceCompile>
  </ItemGroup>
  <ItemGroup>
    <Inf Include="xenvusb64.inf" />
  </ItemGroup>
</Project>